
Microsoft Visual Studio Solution File, Format Version 12.00
# Visual Studio Version 16
VisualStudioVersion = 16.0.31129.286
MinimumVisualStudioVersion = 10.0.40219.1
Project("{C7167F0D-BC9F-4E6E-AFE1-012C56B48DB5}") = "CallWPFFunctionTest", "CallWPFFunctionTest\CallWPFFunctionTest.wapproj", "{E7B09A77-6694-4B93-9164-BB8D0C7E4C23}"
EndProject
Project("{FAE04EC0-301F-11D3-BF4B-00C04F79EFBC}") = "UWPCore", "UWPCore\UWPCore.csproj", "{3A227564-B61A-412F-9870-F1D2C3467DDD}"
EndProject
Project("{FAE04EC0-301F-11D3-BF4B-00C04F79EFBC}") = "Launcher", "Launcher\Launcher.csproj", "{CD933C7A-318A-46D4-A5F4-5F4CF186C2AB}"
EndProject
Global
	GlobalSection(SolutionConfigurationPlatforms) = preSolution
		Debug|Any CPU = Debug|Any CPU
		Debug|ARM = Debug|ARM
		Debug|ARM64 = Debug|ARM64
		Debug|x64 = Debug|x64
		Debug|x86 = Debug|x86
		Release|Any CPU = Release|Any CPU
		Release|ARM = Release|ARM
		Release|ARM64 = Release|ARM64
		Release|x64 = Release|x64
		Release|x86 = Release|x86
	EndGlobalSection
	GlobalSection(ProjectConfigurationPlatforms) = postSolution
		{E7B09A77-6694-4B93-9164-BB8D0C7E4C23}.Debug|Any CPU.ActiveCfg = Debug|Any CPU
		{E7B09A77-6694-4B93-9164-BB8D0C7E4C23}.Debug|Any CPU.Build.0 = Debug|Any CPU
		{E7B09A77-6694-4B93-9164-BB8D0C7E4C23}.Debug|Any CPU.Deploy.0 = Debug|Any CPU
		{E7B09A77-6694-4B93-9164-BB8D0C7E4C23}.Debug|ARM.ActiveCfg = Debug|ARM
		{E7B09A77-6694-4B93-9164-BB8D0C7E4C23}.Debug|ARM.Build.0 = Debug|ARM
		{E7B09A77-6694-4B93-9164-BB8D0C7E4C23}.Debug|ARM.Deploy.0 = Debug|ARM
		{E7B09A77-6694-4B93-9164-BB8D0C7E4C23}.Debug|ARM64.ActiveCfg = Debug|ARM64
		{E7B09A77-6694-4B93-9164-BB8D0C7E4C23}.Debug|ARM64.Build.0 = Debug|ARM64
		{E7B09A77-6694-4B93-9164-BB8D0C7E4C23}.Debug|ARM64.Deploy.0 = Debug|ARM64
		{E7B09A77-6694-4B93-9164-BB8D0C7E4C23}.Debug|x64.ActiveCfg = Debug|x64
		{E7B09A77-6694-4B93-9164-BB8D0C7E4C23}.Debug|x64.Build.0 = Debug|x64
		{E7B09A77-6694-4B93-9164-BB8D0C7E4C23}.Debug|x64.Deploy.0 = Debug|x64
		{E7B09A77-6694-4B93-9164-BB8D0C7E4C23}.Debug|x86.ActiveCfg = Debug|x86
		{E7B09A77-6694-4B93-9164-BB8D0C7E4C23}.Debug|x86.Build.0 = Debug|x86
		{E7B09A77-6694-4B93-9164-BB8D0C7E4C23}.Debug|x86.Deploy.0 = Debug|x86
		{E7B09A77-6694-4B93-9164-BB8D0C7E4C23}.Release|Any CPU.ActiveCfg = Release|Any CPU
		{E7B09A77-6694-4B93-9164-BB8D0C7E4C23}.Release|Any CPU.Build.0 = Release|Any CPU
		{E7B09A77-6694-4B93-9164-BB8D0C7E4C23}.Release|Any CPU.Deploy.0 = Release|Any CPU
		{E7B09A77-6694-4B93-9164-BB8D0C7E4C23}.Release|ARM.ActiveCfg = Release|ARM
		{E7B09A77-6694-4B93-9164-BB8D0C7E4C23}.Release|ARM.Build.0 = Release|ARM
		{E7B09A77-6694-4B93-9164-BB8D0C7E4C23}.Release|ARM.Deploy.0 = Release|ARM
		{E7B09A77-6694-4B93-9164-BB8D0C7E4C23}.Release|ARM64.ActiveCfg = Release|ARM64
		{E7B09A77-6694-4B93-9164-BB8D0C7E4C23}.Release|ARM64.Build.0 = Release|ARM64
		{E7B09A77-6694-4B93-9164-BB8D0C7E4C23}.Release|ARM64.Deploy.0 = Release|ARM64
		{E7B09A77-6694-4B93-9164-BB8D0C7E4C23}.Release|x64.ActiveCfg = Release|x64
		{E7B09A77-6694-4B93-9164-BB8D0C7E4C23}.Release|x64.Build.0 = Release|x64
		{E7B09A77-6694-4B93-9164-BB8D0C7E4C23}.Release|x64.Deploy.0 = Release|x64
		{E7B09A77-6694-4B93-9164-BB8D0C7E4C23}.Release|x86.ActiveCfg = Release|x86
		{E7B09A77-6694-4B93-9164-BB8D0C7E4C23}.Release|x86.Build.0 = Release|x86
		{E7B09A77-6694-4B93-9164-BB8D0C7E4C23}.Release|x86.Deploy.0 = Release|x86
		{3A227564-B61A-412F-9870-F1D2C3467DDD}.Debug|Any CPU.ActiveCfg = Debug|x86
		{3A227564-B61A-412F-9870-F1D2C3467DDD}.Debug|ARM.ActiveCfg = Debug|ARM
		{3A227564-B61A-412F-9870-F1D2C3467DDD}.Debug|ARM.Build.0 = Debug|ARM
		{3A227564-B61A-412F-9870-F1D2C3467DDD}.Debug|ARM.Deploy.0 = Debug|ARM
		{3A227564-B61A-412F-9870-F1D2C3467DDD}.Debug|ARM64.ActiveCfg = Debug|ARM64
		{3A227564-B61A-412F-9870-F1D2C3467DDD}.Debug|ARM64.Build.0 = Debug|ARM64
		{3A227564-B61A-412F-9870-F1D2C3467DDD}.Debug|ARM64.Deploy.0 = Debug|ARM64
		{3A227564-B61A-412F-9870-F1D2C3467DDD}.Debug|x64.ActiveCfg = Debug|x64
		{3A227564-B61A-412F-9870-F1D2C3467DDD}.Debug|x64.Build.0 = Debug|x64
		{3A227564-B61A-412F-9870-F1D2C3467DDD}.Debug|x64.Deploy.0 = Debug|x64
		{3A227564-B61A-412F-9870-F1D2C3467DDD}.Debug|x86.ActiveCfg = Debug|x86
		{3A227564-B61A-412F-9870-F1D2C3467DDD}.Debug|x86.Build.0 = Debug|x86
		{3A227564-B61A-412F-9870-F1D2C3467DDD}.Debug|x86.Deploy.0 = Debug|x86
		{3A227564-B61A-412F-9870-F1D2C3467DDD}.Release|Any CPU.ActiveCfg = Release|x86
		{3A227564-B61A-412F-9870-F1D2C3467DDD}.Release|ARM.ActiveCfg = Release|ARM
		{3A227564-B61A-412F-9870-F1D2C3467DDD}.Release|ARM.Build.0 = Release|ARM
		{3A227564-B61A-412F-9870-F1D2C3467DDD}.Release|ARM.Deploy.0 = Release|ARM
		{3A227564-B61A-412F-9870-F1D2C3467DDD}.Release|ARM64.ActiveCfg = Release|ARM64
		{3A227564-B61A-412F-9870-F1D2C3467DDD}.Release|ARM64.Build.0 = Release|ARM64
		{3A227564-B61A-412F-9870-F1D2C3467DDD}.Release|ARM64.Deploy.0 = Release|ARM64
		{3A227564-B61A-412F-9870-F1D2C3467DDD}.Release|x64.ActiveCfg = Release|x64
		{3A227564-B61A-412F-9870-F1D2C3467DDD}.Release|x64.Build.0 = Release|x64
		{3A227564-B61A-412F-9870-F1D2C3467DDD}.Release|x64.Deploy.0 = Release|x64
		{3A227564-B61A-412F-9870-F1D2C3467DDD}.Release|x86.ActiveCfg = Release|x86
		{3A227564-B61A-412F-9870-F1D2C3467DDD}.Release|x86.Build.0 = Release|x86
		{3A227564-B61A-412F-9870-F1D2C3467DDD}.Release|x86.Deploy.0 = Release|x86
		{CD933C7A-318A-46D4-A5F4-5F4CF186C2AB}.Debug|Any CPU.ActiveCfg = Debug|Any CPU
		{CD933C7A-318A-46D4-A5F4-5F4CF186C2AB}.Debug|Any CPU.Build.0 = Debug|Any CPU
		{CD933C7A-318A-46D4-A5F4-5F4CF186C2AB}.Debug|ARM.ActiveCfg = Debug|Any CPU
		{CD933C7A-318A-46D4-A5F4-5F4CF186C2AB}.Debug|ARM.Build.0 = Debug|Any CPU
		{CD933C7A-318A-46D4-A5F4-5F4CF186C2AB}.Debug|ARM64.ActiveCfg = Debug|Any CPU
		{CD933C7A-318A-46D4-A5F4-5F4CF186C2AB}.Debug|ARM64.Build.0 = Debug|Any CPU
		{CD933C7A-318A-46D4-A5F4-5F4CF186C2AB}.Debug|x64.ActiveCfg = Debug|Any CPU
		{CD933C7A-318A-46D4-A5F4-5F4CF186C2AB}.Debug|x64.Build.0 = Debug|Any CPU
		{CD933C7A-318A-46D4-A5F4-5F4CF186C2AB}.Debug|x86.ActiveCfg = Debug|Any CPU
		{CD933C7A-318A-46D4-A5F4-5F4CF186C2AB}.Debug|x86.Build.0 = Debug|Any CPU
		{CD933C7A-318A-46D4-A5F4-5F4CF186C2AB}.Release|Any CPU.ActiveCfg = Release|Any CPU
		{CD933C7A-318A-46D4-A5F4-5F4CF186C2AB}.Release|Any CPU.Build.0 = Release|Any CPU
		{CD933C7A-318A-46D4-A5F4-5F4CF186C2AB}.Release|ARM.ActiveCfg = Release|Any CPU
		{CD933C7A-318A-46D4-A5F4-5F4CF186C2AB}.Release|ARM.Build.0 = Release|Any CPU
		{CD933C7A-318A-46D4-A5F4-5F4CF186C2AB}.Release|ARM64.ActiveCfg = Release|Any CPU
		{CD933C7A-318A-46D4-A5F4-5F4CF186C2AB}.Release|ARM64.Build.0 = Release|Any CPU
		{CD933C7A-318A-46D4-A5F4-5F4CF186C2AB}.Release|x64.ActiveCfg = Release|Any CPU
		{CD933C7A-318A-46D4-A5F4-5F4CF186C2AB}.Release|x64.Build.0 = Release|Any CPU
		{CD933C7A-318A-46D4-A5F4-5F4CF186C2AB}.Release|x86.ActiveCfg = Release|Any CPU
		{CD933C7A-318A-46D4-A5F4-5F4CF186C2AB}.Release|x86.Build.0 = Release|Any CPU
	EndGlobalSection
	GlobalSection(SolutionProperties) = preSolution
		HideSolutionNode = FALSE
	EndGlobalSection
	GlobalSection(ExtensibilityGlobals) = postSolution
		SolutionGuid = {AF8F7955-DBDF-4AC7-ABBB-FF96052834FC}
	EndGlobalSection
EndGlobal
